{
  "name": "nftstakingcontract",
  "version": "1.0.0",
  "lockfileVersion": 2,
  "requires": true,
  "packages": {
    "": {
      "name": "nftstakingcontract",
      "version": "1.0.0",
      "license": "ISC",
      "dependencies": {
        "@openzeppelin/contracts": "^4.6.0",
        "@thirdweb-dev/contracts": "^2.3.14"
      }
    },
    "node_modules/@openzeppelin/contracts": {
      "version": "4.6.0",
      "resolved": "https://registry.npmjs.org/@openzeppelin/contracts/-/contracts-4.6.0.tgz",
      "integrity": "sha512-8vi4d50NNya/bQqCmaVzvHNmwHvS0OBKb7HNtuNwEE3scXWrP31fKQoGxNMT+KbzmrNZzatE3QK5p2gFONI/hg=="
    },
    "node_modules/@thirdweb-dev/contracts": {
      "version": "2.3.14",
      "resolved": "https://registry.npmjs.org/@thirdweb-dev/contracts/-/contracts-2.3.14.tgz",
      "integrity": "sha512-aQ7NGvU+1JDLh1Ha13m3DQpqfhmHzJUcbOOS93I0nKJOLKNUaQL2oQpg+3GBpMzZWIsScDztlfqwJ3wltaNYgQ=="
    }
  },
  "dependencies": {
    "@openzeppelin/contracts": {
      "version": "4.6.0",
      "resolved": "https://registry.npmjs.org/@openzeppelin/contracts/-/contracts-4.6.0.tgz",
      "integrity": "sha512-8vi4d50NNya/bQqCmaVzvHNmwHvS0OBKb7HNtuNwEE3scXWrP31fKQoGxNMT+KbzmrNZzatE3QK5p2gFONI/hg=="
    },
    "@thirdweb-dev/contracts": {
      "version": "2.3.14",
      "resolved": "https://registry.npmjs.org/@thirdweb-dev/contracts/-/contracts-2.3.14.tgz",
      "integrity": "sha512-aQ7NGvU+1JDLh1Ha13m3DQpqfhmHzJUcbOOS93I0nKJOLKNUaQL2oQpg+3GBpMzZWIsScDztlfqwJ3wltaNYgQ=="
    }
  }
}
